version = 1
revision = 3
requires-python = ">=3.13"

[manifest]
members = [
    "aws-api-gateway-assessment",
    "lambda2",
]

[[package]]
name = "aws-api-gateway-assessment"
version = "0.1.0"
source = { virtual = "." }

[[package]]
name = "lambda2"
version = "0.1.0"
source = { editable = "lambdas/lambda2" }
